
Microsoft Visual Studio Solution File, Format Version 12.00
# Visual Studio 15
VisualStudioVersion = 15.0.25807.0
MinimumVisualStudioVersion = 10.0.40219.1
Project("{2150E333-8FDC-42A3-9474-1A3956D46DE8}") = "Engine", "Engine", "{83114079-76D6-4469-87F9-E70806021AB5}"
EndProject
Project("{2150E333-8FDC-42A3-9474-1A3956D46DE8}") = "Games", "Games", "{458F1B38-18BB-49AE-9CF0-744B8E042F76}"
EndProject
Project("{8BC9CEB8-8B4A-11D0-8D11-00A0C91BC942}") = "UE4", "Intermediate\ProjectFiles\UE4.vcxproj", "{55224E13-C13B-41C8-8B2E-CFC26C3229F9}"
EndProject
Project("{8BC9CEB8-8B4A-11D0-8D11-00A0C91BC942}") = "MyPacMan", "Intermediate\ProjectFiles\MyPacMan.vcxproj", "{34ECC4DE-2B49-4DD4-9811-33A5BA208B6D}"
EndProject
Project("{2150E333-8FDC-42A3-9474-1A3956D46DE8}") = "Visualizers", "Visualizers", "{E56AF158-682F-45B5-BE46-4185D6DF3990}"
	ProjectSection(SolutionItems) = preProject
		..\..\..\..\..\app\Unreal\Install\UE_4.22\Engine\Extras\VisualStudioDebugging\UE4.natvis = ..\..\..\..\..\app\Unreal\Install\UE_4.22\Engine\Extras\VisualStudioDebugging\UE4.natvis
	EndProjectSection
EndProject
Global
	GlobalSection(SolutionConfigurationPlatforms) = preSolution
		DebugGame Editor|HTML5 = DebugGame Editor|HTML5
		DebugGame Editor|Win32 = DebugGame Editor|Win32
		DebugGame Editor|Win64 = DebugGame Editor|Win64
		DebugGame|HTML5 = DebugGame|HTML5
		DebugGame|Win32 = DebugGame|Win32
		DebugGame|Win64 = DebugGame|Win64
		Development Editor|HTML5 = Development Editor|HTML5
		Development Editor|Win32 = Development Editor|Win32
		Development Editor|Win64 = Development Editor|Win64
		Development|HTML5 = Development|HTML5
		Development|Win32 = Development|Win32
		Development|Win64 = Development|Win64
		Shipping|HTML5 = Shipping|HTML5
		Shipping|Win32 = Shipping|Win32
		Shipping|Win64 = Shipping|Win64
	EndGlobalSection
	GlobalSection(ProjectConfigurationPlatforms) = postSolution
		{55224E13-C13B-41C8-8B2E-CFC26C3229F9}.DebugGame Editor|HTML5.ActiveCfg = BuiltWithUnrealBuildTool|Win32
		{55224E13-C13B-41C8-8B2E-CFC26C3229F9}.DebugGame Editor|Win32.ActiveCfg = BuiltWithUnrealBuildTool|Win32
		{55224E13-C13B-41C8-8B2E-CFC26C3229F9}.DebugGame Editor|Win64.ActiveCfg = BuiltWithUnrealBuildTool|Win32
		{55224E13-C13B-41C8-8B2E-CFC26C3229F9}.DebugGame|HTML5.ActiveCfg = BuiltWithUnrealBuildTool|Win32
		{55224E13-C13B-41C8-8B2E-CFC26C3229F9}.DebugGame|Win32.ActiveCfg = BuiltWithUnrealBuildTool|Win32
		{55224E13-C13B-41C8-8B2E-CFC26C3229F9}.DebugGame|Win64.ActiveCfg = BuiltWithUnrealBuildTool|Win32
		{55224E13-C13B-41C8-8B2E-CFC26C3229F9}.Development Editor|HTML5.ActiveCfg = BuiltWithUnrealBuildTool|Win32
		{55224E13-C13B-41C8-8B2E-CFC26C3229F9}.Development Editor|Win32.ActiveCfg = BuiltWithUnrealBuildTool|Win32
		{55224E13-C13B-41C8-8B2E-CFC26C3229F9}.Development Editor|Win64.ActiveCfg = BuiltWithUnrealBuildTool|Win32
		{55224E13-C13B-41C8-8B2E-CFC26C3229F9}.Development|HTML5.ActiveCfg = BuiltWithUnrealBuildTool|Win32
		{55224E13-C13B-41C8-8B2E-CFC26C3229F9}.Development|Win32.ActiveCfg = BuiltWithUnrealBuildTool|Win32
		{55224E13-C13B-41C8-8B2E-CFC26C3229F9}.Development|Win64.ActiveCfg = BuiltWithUnrealBuildTool|Win32
		{55224E13-C13B-41C8-8B2E-CFC26C3229F9}.Shipping|HTML5.ActiveCfg = BuiltWithUnrealBuildTool|Win32
		{55224E13-C13B-41C8-8B2E-CFC26C3229F9}.Shipping|Win32.ActiveCfg = BuiltWithUnrealBuildTool|Win32
		{55224E13-C13B-41C8-8B2E-CFC26C3229F9}.Shipping|Win64.ActiveCfg = BuiltWithUnrealBuildTool|Win32
		{34ECC4DE-2B49-4DD4-9811-33A5BA208B6D}.DebugGame Editor|HTML5.ActiveCfg = Invalid|Win32
		{34ECC4DE-2B49-4DD4-9811-33A5BA208B6D}.DebugGame Editor|Win32.ActiveCfg = Invalid|Win32
		{34ECC4DE-2B49-4DD4-9811-33A5BA208B6D}.DebugGame Editor|Win64.ActiveCfg = DebugGame_Editor|x64
		{34ECC4DE-2B49-4DD4-9811-33A5BA208B6D}.DebugGame Editor|Win64.Build.0 = DebugGame_Editor|x64
		{34ECC4DE-2B49-4DD4-9811-33A5BA208B6D}.DebugGame|HTML5.ActiveCfg = HTML5_DebugGame|Win32
		{34ECC4DE-2B49-4DD4-9811-33A5BA208B6D}.DebugGame|HTML5.Build.0 = HTML5_DebugGame|Win32
		{34ECC4DE-2B49-4DD4-9811-33A5BA208B6D}.DebugGame|Win32.ActiveCfg = DebugGame|Win32
		{34ECC4DE-2B49-4DD4-9811-33A5BA208B6D}.DebugGame|Win32.Build.0 = DebugGame|Win32
		{34ECC4DE-2B49-4DD4-9811-33A5BA208B6D}.DebugGame|Win64.ActiveCfg = DebugGame|x64
		{34ECC4DE-2B49-4DD4-9811-33A5BA208B6D}.DebugGame|Win64.Build.0 = DebugGame|x64
		{34ECC4DE-2B49-4DD4-9811-33A5BA208B6D}.Development Editor|HTML5.ActiveCfg = Invalid|Win32
		{34ECC4DE-2B49-4DD4-9811-33A5BA208B6D}.Development Editor|Win32.ActiveCfg = Invalid|Win32
		{34ECC4DE-2B49-4DD4-9811-33A5BA208B6D}.Development Editor|Win64.ActiveCfg = Development_Editor|x64
		{34ECC4DE-2B49-4DD4-9811-33A5BA208B6D}.Development Editor|Win64.Build.0 = Development_Editor|x64
		{34ECC4DE-2B49-4DD4-9811-33A5BA208B6D}.Development|HTML5.ActiveCfg = HTML5_Development|Win32
		{34ECC4DE-2B49-4DD4-9811-33A5BA208B6D}.Development|HTML5.Build.0 = HTML5_Development|Win32
		{34ECC4DE-2B49-4DD4-9811-33A5BA208B6D}.Development|Win32.ActiveCfg = Development|Win32
		{34ECC4DE-2B49-4DD4-9811-33A5BA208B6D}.Development|Win32.Build.0 = Development|Win32
		{34ECC4DE-2B49-4DD4-9811-33A5BA208B6D}.Development|Win64.ActiveCfg = Development|x64
		{34ECC4DE-2B49-4DD4-9811-33A5BA208B6D}.Development|Win64.Build.0 = Development|x64
		{34ECC4DE-2B49-4DD4-9811-33A5BA208B6D}.Shipping|HTML5.ActiveCfg = HTML5_Shipping|Win32
		{34ECC4DE-2B49-4DD4-9811-33A5BA208B6D}.Shipping|HTML5.Build.0 = HTML5_Shipping|Win32
		{34ECC4DE-2B49-4DD4-9811-33A5BA208B6D}.Shipping|Win32.ActiveCfg = Shipping|Win32
		{34ECC4DE-2B49-4DD4-9811-33A5BA208B6D}.Shipping|Win32.Build.0 = Shipping|Win32
		{34ECC4DE-2B49-4DD4-9811-33A5BA208B6D}.Shipping|Win64.ActiveCfg = Shipping|x64
		{34ECC4DE-2B49-4DD4-9811-33A5BA208B6D}.Shipping|Win64.Build.0 = Shipping|x64
	EndGlobalSection
	GlobalSection(SolutionProperties) = preSolution
		HideSolutionNode = FALSE
	EndGlobalSection
	GlobalSection(NestedProjects) = preSolution
		{55224E13-C13B-41C8-8B2E-CFC26C3229F9} = {83114079-76D6-4469-87F9-E70806021AB5}
		{34ECC4DE-2B49-4DD4-9811-33A5BA208B6D} = {458F1B38-18BB-49AE-9CF0-744B8E042F76}
	EndGlobalSection
EndGlobal
